PODS:
  - Alamofire (4.9.0)
  - JGProgressHUD (2.1)
  - Kingfisher (4.10.1)

DEPENDENCIES:
  - Alamofire (= 4.9.0)
  - JGProgressHUD (= 2.1.0)
  - Kingfisher (= 4.10.1)

SPEC REPOS:
  trunk:
    - Alamofire
    - JGProgressHUD
    - Kingfisher

SPEC CHECKSUMS:
  Alamofire: afc3e7c6db61476cb45cdd23fed06bad03bbc321
  JGProgressHUD: aa403e9a5b45cae98903c4600cccdd98c0c3ec90
  Kingfisher: c148cd7b47ebde9989f6bc7c27dcaa79d81279a0

PODFILE CHECKSUM: 09adb2b27a8399910acbf59c83616f0a7c15efd1

COCOAPODS: 1.11.2
