// !$*UTF8*$!
{
	archiveVersion = 1;
	classes = {
	};
	objectVersion = 55;
	objects = {

/* Begin PBXBuildFile section */
		621EEA7B270DA54700EB672B /* AppDelegate.swift in Sources */ = {isa = PBXBuildFile; fileRef = 621EEA7A270DA54700EB672B /* AppDelegate.swift */; };
		621EEA7D270DA54700EB672B /* SceneDelegate.swift in Sources */ = {isa = PBXBuildFile; fileRef = 621EEA7C270DA54700EB672B /* SceneDelegate.swift */; };
		621EEA82270DA54700EB672B /* Main.storyboard in Resources */ = {isa = PBXBuildFile; fileRef = 621EEA80270DA54700EB672B /* Main.storyboard */; };
		621EEA84270DA54A00EB672B /* Assets.xcassets in Resources */ = {isa = PBXBuildFile; fileRef = 621EEA83270DA54A00EB672B /* Assets.xcassets */; };
		621EEA87270DA54A00EB672B /* LaunchScreen.storyboard in Resources */ = {isa = PBXBuildFile; fileRef = 621EEA85270DA54A00EB672B /* LaunchScreen.storyboard */; };
		621EEA9C270DA54B00EB672B /* NearBy_AppUITests.swift in Sources */ = {isa = PBXBuildFile; fileRef = 621EEA9B270DA54B00EB672B /* NearBy_AppUITests.swift */; };
		621EEA9E270DA54B00EB672B /* NearBy_AppUITestsLaunchTests.swift in Sources */ = {isa = PBXBuildFile; fileRef = 621EEA9D270DA54B00EB672B /* NearBy_AppUITestsLaunchTests.swift */; };
		621EEAB1270DB45300EB672B /* MainViewController.swift in Sources */ = {isa = PBXBuildFile; fileRef = 621EEAB0270DB45300EB672B /* MainViewController.swift */; };
		621EEAB5270DB63B00EB672B /* MainTableViewCell.swift in Sources */ = {isa = PBXBuildFile; fileRef = 621EEAB3270DB63B00EB672B /* MainTableViewCell.swift */; };
		621EEAB6270DB63B00EB672B /* MainTableViewCell.xib in Resources */ = {isa = PBXBuildFile; fileRef = 621EEAB4270DB63B00EB672B /* MainTableViewCell.xib */; };
		621EEABB270DBB7800EB672B /* Constants.swift in Sources */ = {isa = PBXBuildFile; fileRef = 621EEABA270DBB7800EB672B /* Constants.swift */; };
		629B1868271053F400BBA535 /* MainViewModel.swift in Sources */ = {isa = PBXBuildFile; fileRef = 629B1867271053F400BBA535 /* MainViewModel.swift */; };
		629B186B2710545D00BBA535 /* LocationService.swift in Sources */ = {isa = PBXBuildFile; fileRef = 629B186A2710545D00BBA535 /* LocationService.swift */; };
		629B1870271078B500BBA535 /* MainTableViewDataSource.swift in Sources */ = {isa = PBXBuildFile; fileRef = 629B186F271078B500BBA535 /* MainTableViewDataSource.swift */; };
		629B187227108ACC00BBA535 /* PhotoRequest.swift in Sources */ = {isa = PBXBuildFile; fileRef = 629B187127108ACC00BBA535 /* PhotoRequest.swift */; };
		629B187427108E3600BBA535 /* Photo.swift in Sources */ = {isa = PBXBuildFile; fileRef = 629B187327108E3600BBA535 /* Photo.swift */; };
		629B187B2710C98100BBA535 /* MainViewModelTests.swift in Sources */ = {isa = PBXBuildFile; fileRef = 629B187A2710C98100BBA535 /* MainViewModelTests.swift */; };
		62C2EB4B270E014E00685975 /* PlacesRouter.swift in Sources */ = {isa = PBXBuildFile; fileRef = 62C2EB4A270E014E00685975 /* PlacesRouter.swift */; };
		62C2EB4D270E015600685975 /* PlacesRequest.swift in Sources */ = {isa = PBXBuildFile; fileRef = 62C2EB4C270E015600685975 /* PlacesRequest.swift */; };
		62C2EB50270E034400685975 /* Place.swift in Sources */ = {isa = PBXBuildFile; fileRef = 62C2EB4F270E034400685975 /* Place.swift */; };
		6F43EC9571D9418FD50301B8 /* Pods_NearBy_AppTests.framework in Frameworks */ = {isa = PBXBuildFile; fileRef = 7D55FC3BAF7744A520BBDC7F /* Pods_NearBy_AppTests.framework */; };
		95D9199E8F840E83DF06A212 /* Pods_NearBy_App.framework in Frameworks */ = {isa = PBXBuildFile; fileRef = 37D9499B4C9F93399B7C510A /* Pods_NearBy_App.framework */; };
		E1F3AE9AE2868E5B40DD1AF0 /* Pods_NearBy_App_NearBy_AppUITests.framework in Frameworks */ = {isa = PBXBuildFile; fileRef = AEC2415A5E7F2CF20A371DCC /* Pods_NearBy_App_NearBy_AppUITests.framework */; };
/* End PBXBuildFile section */

/* Begin PBXContainerItemProxy section */
		621EEA8E270DA54A00EB672B /* PBXContainerItemProxy */ = {
			isa = PBXContainerItemProxy;
			containerPortal = 621EEA6F270DA54700EB672B /* Project object */;
			proxyType = 1;
			remoteGlobalIDString = 621EEA76270DA54700EB672B;
			remoteInfo = "NearBy App";
		};
		621EEA98270DA54A00EB672B /* PBXContainerItemProxy */ = {
			isa = PBXContainerItemProxy;
			containerPortal = 621EEA6F270DA54700EB672B /* Project object */;
			proxyType = 1;
			remoteGlobalIDString = 621EEA76270DA54700EB672B;
			remoteInfo = "NearBy App";
		};
/* End PBXContainerItemProxy section */

/* Begin PBXFileReference section */
		172939D02CCB3761322CB3B6 /* Pods-NearBy AppTests.release.xcconfig */ = {isa = PBXFileReference; includeInIndex = 1; lastKnownFileType = text.xcconfig; name = "Pods-NearBy AppTests.release.xcconfig"; path = "Target Support Files/Pods-NearBy AppTests/Pods-NearBy AppTests.release.xcconfig"; sourceTree = "<group>"; };
		37D9499B4C9F93399B7C510A /* Pods_NearBy_App.framework */ = {isa = PBXFileReference; explicitFileType = wrapper.framework; includeInIndex = 0; path = Pods_NearBy_App.framework; sourceTree = BUILT_PRODUCTS_DIR; };
		5F48DB952FB916EEB8A68B4A /* Pods-NearBy App.debug.xcconfig */ = {isa = PBXFileReference; includeInIndex = 1; lastKnownFileType = text.xcconfig; name = "Pods-NearBy App.debug.xcconfig"; path = "Target Support Files/Pods-NearBy App/Pods-NearBy App.debug.xcconfig"; sourceTree = "<group>"; };
		621EEA77270DA54700EB672B /* NearBy App.app */ = {isa = PBXFileReference; explicitFileType = wrapper.application; includeInIndex = 0; path = "NearBy App.app"; sourceTree = BUILT_PRODUCTS_DIR; };
		621EEA7A270DA54700EB672B /* AppDelegate.swift */ = {isa = PBXFileReference; lastKnownFileType = sourcecode.swift; path = AppDelegate.swift; sourceTree = "<group>"; };
		621EEA7C270DA54700EB672B /* SceneDelegate.swift */ = {isa = PBXFileReference; lastKnownFileType = sourcecode.swift; path = SceneDelegate.swift; sourceTree = "<group>"; };
		621EEA81270DA54700EB672B /* Base */ = {isa = PBXFileReference; lastKnownFileType = file.storyboard; name = Base; path = Base.lproj/Main.storyboard; sourceTree = "<group>"; };
		621EEA83270DA54A00EB672B /* Assets.xcassets */ = {isa = PBXFileReference; lastKnownFileType = folder.assetcatalog; path = Assets.xcassets; sourceTree = "<group>"; };
		621EEA86270DA54A00EB672B /* Base */ = {isa = PBXFileReference; lastKnownFileType = file.storyboard; name = Base; path = Base.lproj/LaunchScreen.storyboard; sourceTree = "<group>"; };
		621EEA88270DA54A00EB672B /* Info.plist */ = {isa = PBXFileReference; lastKnownFileType = text.plist.xml; path = Info.plist; sourceTree = "<group>"; };
		621EEA8D270DA54A00EB672B /* NearBy AppTests.xctest */ = {isa = PBXFileReference; explicitFileType = wrapper.cfbundle; includeInIndex = 0; path = "NearBy AppTests.xctest"; sourceTree = BUILT_PRODUCTS_DIR; };
		621EEA97270DA54A00EB672B /* NearBy AppUITests.xctest */ = {isa = PBXFileReference; explicitFileType = wrapper.cfbundle; includeInIndex = 0; path = "NearBy AppUITests.xctest"; sourceTree = BUILT_PRODUCTS_DIR; };
		621EEA9B270DA54B00EB672B /* NearBy_AppUITests.swift */ = {isa = PBXFileReference; lastKnownFileType = sourcecode.swift; path = NearBy_AppUITests.swift; sourceTree = "<group>"; };
		621EEA9D270DA54B00EB672B /* NearBy_AppUITestsLaunchTests.swift */ = {isa = PBXFileReference; lastKnownFileType = sourcecode.swift; path = NearBy_AppUITestsLaunchTests.swift; sourceTree = "<group>"; };
		621EEAB0270DB45300EB672B /* MainViewController.swift */ = {isa = PBXFileReference; lastKnownFileType = sourcecode.swift; path = MainViewController.swift; sourceTree = "<group>"; };
		621EEAB3270DB63B00EB672B /* MainTableViewCell.swift */ = {isa = PBXFileReference; lastKnownFileType = sourcecode.swift; path = MainTableViewCell.swift; sourceTree = "<group>"; };
		621EEAB4270DB63B00EB672B /* MainTableViewCell.xib */ = {isa = PBXFileReference; lastKnownFileType = file.xib; path = MainTableViewCell.xib; sourceTree = "<group>"; };
		621EEABA270DBB7800EB672B /* Constants.swift */ = {isa = PBXFileReference; lastKnownFileType = sourcecode.swift; path = Constants.swift; sourceTree = "<group>"; };
		629B1867271053F400BBA535 /* MainViewModel.swift */ = {isa = PBXFileReference; lastKnownFileType = sourcecode.swift; path = MainViewModel.swift; sourceTree = "<group>"; };
		629B186A2710545D00BBA535 /* LocationService.swift */ = {isa = PBXFileReference; lastKnownFileType = sourcecode.swift; path = LocationService.swift; sourceTree = "<group>"; };
		629B186F271078B500BBA535 /* MainTableViewDataSource.swift */ = {isa = PBXFileReference; lastKnownFileType = sourcecode.swift; path = MainTableViewDataSource.swift; sourceTree = "<group>"; };
		629B187127108ACC00BBA535 /* PhotoRequest.swift */ = {isa = PBXFileReference; lastKnownFileType = sourcecode.swift; path = PhotoRequest.swift; sourceTree = "<group>"; };
		629B187327108E3600BBA535 /* Photo.swift */ = {isa = PBXFileReference; lastKnownFileType = sourcecode.swift; path = Photo.swift; sourceTree = "<group>"; };
		629B187A2710C98100BBA535 /* MainViewModelTests.swift */ = {isa = PBXFileReference; lastKnownFileType = sourcecode.swift; path = MainViewModelTests.swift; sourceTree = "<group>"; };
		62C2EB4A270E014E00685975 /* PlacesRouter.swift */ = {isa = PBXFileReference; lastKnownFileType = sourcecode.swift; path = PlacesRouter.swift; sourceTree = "<group>"; };
		62C2EB4C270E015600685975 /* PlacesRequest.swift */ = {isa = PBXFileReference; lastKnownFileType = sourcecode.swift; path = PlacesRequest.swift; sourceTree = "<group>"; };
		62C2EB4F270E034400685975 /* Place.swift */ = {isa = PBXFileReference; lastKnownFileType = sourcecode.swift; path = Place.swift; sourceTree = "<group>"; };
		7D55FC3BAF7744A520BBDC7F /* Pods_NearBy_AppTests.framework */ = {isa = PBXFileReference; explicitFileType = wrapper.framework; includeInIndex = 0; path = Pods_NearBy_AppTests.framework; sourceTree = BUILT_PRODUCTS_DIR; };
		A0E68354C62C2E0604FEE4C1 /* Pods-NearBy App-NearBy AppUITests.debug.xcconfig */ = {isa = PBXFileReference; includeInIndex = 1; lastKnownFileType = text.xcconfig; name = "Pods-NearBy App-NearBy AppUITests.debug.xcconfig"; path = "Target Support Files/Pods-NearBy App-NearBy AppUITests/Pods-NearBy App-NearBy AppUITests.debug.xcconfig"; sourceTree = "<group>"; };
		AEC2415A5E7F2CF20A371DCC /* Pods_NearBy_App_NearBy_AppUITests.framework */ = {isa = PBXFileReference; explicitFileType = wrapper.framework; includeInIndex = 0; path = Pods_NearBy_App_NearBy_AppUITests.framework; sourceTree = BUILT_PRODUCTS_DIR; };
		C9F1EB74404D23C21F779FC2 /* Pods-NearBy App-NearBy AppUITests.release.xcconfig */ = {isa = PBXFileReference; includeInIndex = 1; lastKnownFileType = text.xcconfig; name = "Pods-NearBy App-NearBy AppUITests.release.xcconfig"; path = "Target Support Files/Pods-NearBy App-NearBy AppUITests/Pods-NearBy App-NearBy AppUITests.release.xcconfig"; sourceTree = "<group>"; };
		DD3C346B67AC4D27675BE98F /* Pods-NearBy AppTests.debug.xcconfig */ = {isa = PBXFileReference; includeInIndex = 1; lastKnownFileType = text.xcconfig; name = "Pods-NearBy AppTests.debug.xcconfig"; path = "Target Support Files/Pods-NearBy AppTests/Pods-NearBy AppTests.debug.xcconfig"; sourceTree = "<group>"; };
		F6EA05DEECAF30A93A2EC495 /* Pods-NearBy App.release.xcconfig */ = {isa = PBXFileReference; includeInIndex = 1; lastKnownFileType = text.xcconfig; name = "Pods-NearBy App.release.xcconfig"; path = "Target Support Files/Pods-NearBy App/Pods-NearBy App.release.xcconfig"; sourceTree = "<group>"; };
/* End PBXFileReference section */

/* Begin PBXFrameworksBuildPhase section */
		621EEA74270DA54700EB672B /* Frameworks */ = {
			isa = PBXFrameworksBuildPhase;
			buildActionMask = 2147483647;
			files = (
				95D9199E8F840E83DF06A212 /* Pods_NearBy_App.framework in Frameworks */,
			);
			runOnlyForDeploymentPostprocessing = 0;
		};
		621EEA8A270DA54A00EB672B /* Frameworks */ = {
			isa = PBXFrameworksBuildPhase;
			buildActionMask = 2147483647;
			files = (
				6F43EC9571D9418FD50301B8 /* Pods_NearBy_AppTests.framework in Frameworks */,
			);
			runOnlyForDeploymentPostprocessing = 0;
		};
		621EEA94270DA54A00EB672B /* Frameworks */ = {
			isa = PBXFrameworksBuildPhase;
			buildActionMask = 2147483647;
			files = (
				E1F3AE9AE2868E5B40DD1AF0 /* Pods_NearBy_App_NearBy_AppUITests.framework in Frameworks */,
			);
			runOnlyForDeploymentPostprocessing = 0;
		};
/* End PBXFrameworksBuildPhase section */

/* Begin PBXGroup section */
		45F8B4A8C7A92DEA590FF760 /* Frameworks */ = {
			isa = PBXGroup;
			children = (
				37D9499B4C9F93399B7C510A /* Pods_NearBy_App.framework */,
				AEC2415A5E7F2CF20A371DCC /* Pods_NearBy_App_NearBy_AppUITests.framework */,
				7D55FC3BAF7744A520BBDC7F /* Pods_NearBy_AppTests.framework */,
			);
			name = Frameworks;
			sourceTree = "<group>";
		};
		5E42F4F4893883B6D0ED9D07 /* Pods */ = {
			isa = PBXGroup;
			children = (
				5F48DB952FB916EEB8A68B4A /* Pods-NearBy App.debug.xcconfig */,
				F6EA05DEECAF30A93A2EC495 /* Pods-NearBy App.release.xcconfig */,
				A0E68354C62C2E0604FEE4C1 /* Pods-NearBy App-NearBy AppUITests.debug.xcconfig */,
				C9F1EB74404D23C21F779FC2 /* Pods-NearBy App-NearBy AppUITests.release.xcconfig */,
				DD3C346B67AC4D27675BE98F /* Pods-NearBy AppTests.debug.xcconfig */,
				172939D02CCB3761322CB3B6 /* Pods-NearBy AppTests.release.xcconfig */,
			);
			path = Pods;
			sourceTree = "<group>";
		};
		621EEA6E270DA54700EB672B = {
			isa = PBXGroup;
			children = (
				621EEA79270DA54700EB672B /* NearBy App */,
				621EEA90270DA54A00EB672B /* NearBy AppTests */,
				621EEA9A270DA54A00EB672B /* NearBy AppUITests */,
				621EEA78270DA54700EB672B /* Products */,
				5E42F4F4893883B6D0ED9D07 /* Pods */,
				45F8B4A8C7A92DEA590FF760 /* Frameworks */,
			);
			sourceTree = "<group>";
		};
		621EEA78270DA54700EB672B /* Products */ = {
			isa = PBXGroup;
			children = (
				621EEA77270DA54700EB672B /* NearBy App.app */,
				621EEA8D270DA54A00EB672B /* NearBy AppTests.xctest */,
				621EEA97270DA54A00EB672B /* NearBy AppUITests.xctest */,
			);
			name = Products;
			sourceTree = "<group>";
		};
		621EEA79270DA54700EB672B /* NearBy App */ = {
			isa = PBXGroup;
			children = (
				62C2EB51270E14F000685975 /* Extentions */,
				62C2EB4E270E033D00685975 /* Models */,
				621EEAB9270DBB6A00EB672B /* Constants */,
				621EEAAF270DA75800EB672B /* Gateways */,
				621EEAAB270DA6A200EB672B /* View Controllers */,
				621EEAAC270DA6B900EB672B /* View Models */,
				621EEAAD270DA6C400EB672B /* Storyboards */,
				621EEAAE270DA6D300EB672B /* Resources */,
				621EEAAA270DA68700EB672B /* Supporting Files */,
			);
			path = "NearBy App";
			sourceTree = "<group>";
		};
		621EEA90270DA54A00EB672B /* NearBy AppTests */ = {
			isa = PBXGroup;
			children = (
				629B187A2710C98100BBA535 /* MainViewModelTests.swift */,
			);
			path = "NearBy AppTests";
			sourceTree = "<group>";
		};
		621EEA9A270DA54A00EB672B /* NearBy AppUITests */ = {
			isa = PBXGroup;
			children = (
				621EEA9B270DA54B00EB672B /* NearBy_AppUITests.swift */,
				621EEA9D270DA54B00EB672B /* NearBy_AppUITestsLaunchTests.swift */,
			);
			path = "NearBy AppUITests";
			sourceTree = "<group>";
		};
		621EEAAA270DA68700EB672B /* Supporting Files */ = {
			isa = PBXGroup;
			children = (
				621EEA7A270DA54700EB672B /* AppDelegate.swift */,
				621EEA7C270DA54700EB672B /* SceneDelegate.swift */,
				621EEA88270DA54A00EB672B /* Info.plist */,
			);
			path = "Supporting Files";
			sourceTree = "<group>";
		};
		621EEAAB270DA6A200EB672B /* View Controllers */ = {
			isa = PBXGroup;
			children = (
				621EEAB2270DB62400EB672B /* Custom Cells */,
				621EEAB0270DB45300EB672B /* MainViewController.swift */,
			);
			path = "View Controllers";
			sourceTree = "<group>";
		};
		621EEAAC270DA6B900EB672B /* View Models */ = {
			isa = PBXGroup;
			children = (
				629B1867271053F400BBA535 /* MainViewModel.swift */,
			);
			path = "View Models";
			sourceTree = "<group>";
		};
		621EEAAD270DA6C400EB672B /* Storyboards */ = {
			isa = PBXGroup;
			children = (
				621EEA80270DA54700EB672B /* Main.storyboard */,
				621EEA85270DA54A00EB672B /* LaunchScreen.storyboard */,
			);
			path = Storyboards;
			sourceTree = "<group>";
		};
		621EEAAE270DA6D300EB672B /* Resources */ = {
			isa = PBXGroup;
			children = (
				621EEA83270DA54A00EB672B /* Assets.xcassets */,
			);
			path = Resources;
			sourceTree = "<group>";
		};
		621EEAAF270DA75800EB672B /* Gateways */ = {
			isa = PBXGroup;
			children = (
				629B186E271078A700BBA535 /* Datasource */,
				629B186C2710547300BBA535 /* Network */,
				629B186D2710547C00BBA535 /* Location */,
			);
			path = Gateways;
			sourceTree = "<group>";
		};
		621EEAB2270DB62400EB672B /* Custom Cells */ = {
			isa = PBXGroup;
			children = (
				621EEAB3270DB63B00EB672B /* MainTableViewCell.swift */,
				621EEAB4270DB63B00EB672B /* MainTableViewCell.xib */,
			);
			path = "Custom Cells";
			sourceTree = "<group>";
		};
		621EEAB9270DBB6A00EB672B /* Constants */ = {
			isa = PBXGroup;
			children = (
				621EEABA270DBB7800EB672B /* Constants.swift */,
			);
			path = Constants;
			sourceTree = "<group>";
		};
		629B186C2710547300BBA535 /* Network */ = {
			isa = PBXGroup;
			children = (
				629B18772710B1EB00BBA535 /* Places */,
				629B18782710B1F300BBA535 /* Photo */,
			);
			path = Network;
			sourceTree = "<group>";
		};
		629B186D2710547C00BBA535 /* Location */ = {
			isa = PBXGroup;
			children = (
				629B186A2710545D00BBA535 /* LocationService.swift */,
			);
			path = Location;
			sourceTree = "<group>";
		};
		629B186E271078A700BBA535 /* Datasource */ = {
			isa = PBXGroup;
			children = (
				629B186F271078B500BBA535 /* MainTableViewDataSource.swift */,
			);
			path = Datasource;
			sourceTree = "<group>";
		};
		629B18772710B1EB00BBA535 /* Places */ = {
			isa = PBXGroup;
			children = (
				62C2EB4A270E014E00685975 /* PlacesRouter.swift */,
				62C2EB4C270E015600685975 /* PlacesRequest.swift */,
			);
			path = Places;
			sourceTree = "<group>";
		};
		629B18782710B1F300BBA535 /* Photo */ = {
			isa = PBXGroup;
			children = (
				629B187127108ACC00BBA535 /* PhotoRequest.swift */,
			);
			path = Photo;
			sourceTree = "<group>";
		};
		62C2EB4E270E033D00685975 /* Models */ = {
			isa = PBXGroup;
			children = (
				62C2EB4F270E034400685975 /* Place.swift */,
				629B187327108E3600BBA535 /* Photo.swift */,
			);
			path = Models;
			sourceTree = "<group>";
		};
		62C2EB51270E14F000685975 /* Extentions */ = {
			isa = PBXGroup;
			children = (
			);
			path = Extentions;
			sourceTree = "<group>";
		};
/* End PBXGroup section */

/* Begin PBXNativeTarget section */
		621EEA76270DA54700EB672B /* NearBy App */ = {
			isa = PBXNativeTarget;
			buildConfigurationList = 621EEAA1270DA54B00EB672B /* Build configuration list for PBXNativeTarget "NearBy App" */;
			buildPhases = (
				BC29BC3DE38BF40A159866D6 /* [CP] Check Pods Manifest.lock */,
				621EEA73270DA54700EB672B /* Sources */,
				621EEA74270DA54700EB672B /* Frameworks */,
				621EEA75270DA54700EB672B /* Resources */,
				AF6D1C6BF8E791AECDA15433 /* [CP] Embed Pods Frameworks */,
			);
			buildRules = (
			);
			dependencies = (
			);
			name = "NearBy App";
			productName = "NearBy App";
			productReference = 621EEA77270DA54700EB672B /* NearBy App.app */;
			productType = "com.apple.product-type.application";
		};
		621EEA8C270DA54A00EB672B /* NearBy AppTests */ = {
			isa = PBXNativeTarget;
			buildConfigurationList = 621EEAA4270DA54B00EB672B /* Build configuration list for PBXNativeTarget "NearBy AppTests" */;
			buildPhases = (
				DFC20AF6F550D72E0A23E4FF /* [CP] Check Pods Manifest.lock */,
				621EEA89270DA54A00EB672B /* Sources */,
				621EEA8A270DA54A00EB672B /* Frameworks */,
				621EEA8B270DA54A00EB672B /* Resources */,
			);
			buildRules = (
			);
			dependencies = (
				621EEA8F270DA54A00EB672B /* PBXTargetDependency */,
			);
			name = "NearBy AppTests";
			productName = "NearBy AppTests";
			productReference = 621EEA8D270DA54A00EB672B /* NearBy AppTests.xctest */;
			productType = "com.apple.product-type.bundle.unit-test";
		};
		621EEA96270DA54A00EB672B /* NearBy AppUITests */ = {
			isa = PBXNativeTarget;
			buildConfigurationList = 621EEAA7270DA54B00EB672B /* Build configuration list for PBXNativeTarget "NearBy AppUITests" */;
			buildPhases = (
				EC71657FD1A3070970B52A8A /* [CP] Check Pods Manifest.lock */,
				621EEA93270DA54A00EB672B /* Sources */,
				621EEA94270DA54A00EB672B /* Frameworks */,
				621EEA95270DA54A00EB672B /* Resources */,
				311E0D8E667B6E3755843E12 /* [CP] Embed Pods Frameworks */,
			);
			buildRules = (
			);
			dependencies = (
				621EEA99270DA54A00EB672B /* PBXTargetDependency */,
			);
			name = "NearBy AppUITests";
			productName = "NearBy AppUITests";
			productReference = 621EEA97270DA54A00EB672B /* NearBy AppUITests.xctest */;
			productType = "com.apple.product-type.bundle.ui-testing";
		};
/* End PBXNativeTarget section */

/* Begin PBXProject section */
		621EEA6F270DA54700EB672B /* Project object */ = {
			isa = PBXProject;
			attributes = {
				BuildIndependentTargetsInParallel = 1;
				LastSwiftUpdateCheck = 1300;
				LastUpgradeCheck = 1300;
				TargetAttributes = {
					621EEA76270DA54700EB672B = {
						CreatedOnToolsVersion = 13.0;
					};
					621EEA8C270DA54A00EB672B = {
						CreatedOnToolsVersion = 13.0;
						LastSwiftMigration = 1300;
						TestTargetID = 621EEA76270DA54700EB672B;
					};
					621EEA96270DA54A00EB672B = {
						CreatedOnToolsVersion = 13.0;
						TestTargetID = 621EEA76270DA54700EB672B;
					};
				};
			};
			buildConfigurationList = 621EEA72270DA54700EB672B /* Build configuration list for PBXProject "NearBy App" */;
			compatibilityVersion = "Xcode 13.0";
			developmentRegion = en;
			hasScannedForEncodings = 0;
			knownRegions = (
				en,
				Base,
			);
			mainGroup = 621EEA6E270DA54700EB672B;
			productRefGroup = 621EEA78270DA54700EB672B /* Products */;
			projectDirPath = "";
			projectRoot = "";
			targets = (
				621EEA76270DA54700EB672B /* NearBy App */,
				621EEA8C270DA54A00EB672B /* NearBy AppTests */,
				621EEA96270DA54A00EB672B /* NearBy AppUITests */,
			);
		};
/* End PBXProject section */

/* Begin PBXResourcesBuildPhase section */
		621EEA75270DA54700EB672B /* Resources */ = {
			isa = PBXResourcesBuildPhase;
			buildActionMask = 2147483647;
			files = (
				621EEA87270DA54A00EB672B /* LaunchScreen.storyboard in Resources */,
				621EEA84270DA54A00EB672B /* Assets.xcassets in Resources */,
				621EEAB6270DB63B00EB672B /* MainTableViewCell.xib in Resources */,
				621EEA82270DA54700EB672B /* Main.storyboard in Resources */,
			);
			runOnlyForDeploymentPostprocessing = 0;
		};
		621EEA8B270DA54A00EB672B /* Resources */ = {
			isa = PBXResourcesBuildPhase;
			buildActionMask = 2147483647;
			files = (
			);
			runOnlyForDeploymentPostprocessing = 0;
		};
		621EEA95270DA54A00EB672B /* Resources */ = {
			isa = PBXResourcesBuildPhase;
			buildActionMask = 2147483647;
			files = (
			);
			runOnlyForDeploymentPostprocessing = 0;
		};
/* End PBXResourcesBuildPhase section */

/* Begin PBXShellScriptBuildPhase section */
		311E0D8E667B6E3755843E12 /* [CP] Embed Pods Frameworks */ = {
			isa = PBXShellScriptBuildPhase;
			buildActionMask = 2147483647;
			files = (
			);
			inputFileListPaths = (
				"${PODS_ROOT}/Target Support Files/Pods-NearBy App-NearBy AppUITests/Pods-NearBy App-NearBy AppUITests-frameworks-${CONFIGURATION}-input-files.xcfilelist",
			);
			name = "[CP] Embed Pods Frameworks";
			outputFileListPaths = (
				"${PODS_ROOT}/Target Support Files/Pods-NearBy App-NearBy AppUITests/Pods-NearBy App-NearBy AppUITests-frameworks-${CONFIGURATION}-output-files.xcfilelist",
			);
			runOnlyForDeploymentPostprocessing = 0;
			shellPath = /bin/sh;
			shellScript = "\"${PODS_ROOT}/Target Support Files/Pods-NearBy App-NearBy AppUITests/Pods-NearBy App-NearBy AppUITests-frameworks.sh\"\n";
			showEnvVarsInLog = 0;
		};
		AF6D1C6BF8E791AECDA15433 /* [CP] Embed Pods Frameworks */ = {
			isa = PBXShellScriptBuildPhase;
			buildActionMask = 2147483647;
			files = (
			);
			inputFileListPaths = (
				"${PODS_ROOT}/Target Support Files/Pods-NearBy App/Pods-NearBy App-frameworks-${CONFIGURATION}-input-files.xcfilelist",
			);
			name = "[CP] Embed Pods Frameworks";
			outputFileListPaths = (
				"${PODS_ROOT}/Target Support Files/Pods-NearBy App/Pods-NearBy App-frameworks-${CONFIGURATION}-output-files.xcfilelist",
			);
			runOnlyForDeploymentPostprocessing = 0;
			shellPath = /bin/sh;
			shellScript = "\"${PODS_ROOT}/Target Support Files/Pods-NearBy App/Pods-NearBy App-frameworks.sh\"\n";
			showEnvVarsInLog = 0;
		};
		BC29BC3DE38BF40A159866D6 /* [CP] Check Pods Manifest.lock */ = {
			isa = PBXShellScriptBuildPhase;
			buildActionMask = 2147483647;
			files = (
			);
			inputFileListPaths = (
			);
			inputPaths = (
				"${PODS_PODFILE_DIR_PATH}/Podfile.lock",
				"${PODS_ROOT}/Manifest.lock",
			);
			name = "[CP] Check Pods Manifest.lock";
			outputFileListPaths = (
			);
			outputPaths = (
				"$(DERIVED_FILE_DIR)/Pods-NearBy App-checkManifestLockResult.txt",
			);
			runOnlyForDeploymentPostprocessing = 0;
			shellPath = /bin/sh;
			shellScript = "diff \"${PODS_PODFILE_DIR_PATH}/Podfile.lock\" \"${PODS_ROOT}/Manifest.lock\" > /dev/null\nif [ $? != 0 ] ; then\n    # print error to STDERR\n    echo \"error: The sandbox is not in sync with the Podfile.lock. Run 'pod install' or update your CocoaPods installation.\" >&2\n    exit 1\nfi\n# This output is used by Xcode 'outputs' to avoid re-running this script phase.\necho \"SUCCESS\" > \"${SCRIPT_OUTPUT_FILE_0}\"\n";
			showEnvVarsInLog = 0;
		};
		DFC20AF6F550D72E0A23E4FF /* [CP] Check Pods Manifest.lock */ = {
			isa = PBXShellScriptBuildPhase;
			buildActionMask = 2147483647;
			files = (
			);
			inputFileListPaths = (
			);
			inputPaths = (
				"${PODS_PODFILE_DIR_PATH}/Podfile.lock",
				"${PODS_ROOT}/Manifest.lock",
			);
			name = "[CP] Check Pods Manifest.lock";
			outputFileListPaths = (
			);
			outputPaths = (
				"$(DERIVED_FILE_DIR)/Pods-NearBy AppTests-checkManifestLockResult.txt",
			);
			runOnlyForDeploymentPostprocessing = 0;
			shellPath = /bin/sh;
			shellScript = "diff \"${PODS_PODFILE_DIR_PATH}/Podfile.lock\" \"${PODS_ROOT}/Manifest.lock\" > /dev/null\nif [ $? != 0 ] ; then\n    # print error to STDERR\n    echo \"error: The sandbox is not in sync with the Podfile.lock. Run 'pod install' or update your CocoaPods installation.\" >&2\n    exit 1\nfi\n# This output is used by Xcode 'outputs' to avoid re-running this script phase.\necho \"SUCCESS\" > \"${SCRIPT_OUTPUT_FILE_0}\"\n";
			showEnvVarsInLog = 0;
		};
		EC71657FD1A3070970B52A8A /* [CP] Check Pods Manifest.lock */ = {
			isa = PBXShellScriptBuildPhase;
			buildActionMask = 2147483647;
			files = (
			);
			inputFileListPaths = (
			);
			inputPaths = (
				"${PODS_PODFILE_DIR_PATH}/Podfile.lock",
				"${PODS_ROOT}/Manifest.lock",
			);
			name = "[CP] Check Pods Manifest.lock";
			outputFileListPaths = (
			);
			outputPaths = (
				"$(DERIVED_FILE_DIR)/Pods-NearBy App-NearBy AppUITests-checkManifestLockResult.txt",
			);
			runOnlyForDeploymentPostprocessing = 0;
			shellPath = /bin/sh;
			shellScript = "diff \"${PODS_PODFILE_DIR_PATH}/Podfile.lock\" \"${PODS_ROOT}/Manifest.lock\" > /dev/null\nif [ $? != 0 ] ; then\n    # print error to STDERR\n    echo \"error: The sandbox is not in sync with the Podfile.lock. Run 'pod install' or update your CocoaPods installation.\" >&2\n    exit 1\nfi\n# This output is used by Xcode 'outputs' to avoid re-running this script phase.\necho \"SUCCESS\" > \"${SCRIPT_OUTPUT_FILE_0}\"\n";
			showEnvVarsInLog = 0;
		};
/* End PBXShellScriptBuildPhase section */

/* Begin PBXSourcesBuildPhase section */
		621EEA73270DA54700EB672B /* Sources */ = {
			isa = PBXSourcesBuildPhase;
			buildActionMask = 2147483647;
			files = (
				621EEABB270DBB7800EB672B /* Constants.swift in Sources */,
				621EEAB1270DB45300EB672B /* MainViewController.swift in Sources */,
				621EEA7B270DA54700EB672B /* AppDelegate.swift in Sources */,
				621EEAB5270DB63B00EB672B /* MainTableViewCell.swift in Sources */,
				629B187227108ACC00BBA535 /* PhotoRequest.swift in Sources */,
				62C2EB4B270E014E00685975 /* PlacesRouter.swift in Sources */,
				629B187427108E3600BBA535 /* Photo.swift in Sources */,
				629B186B2710545D00BBA535 /* LocationService.swift in Sources */,
				629B1868271053F400BBA535 /* MainViewModel.swift in Sources */,
				62C2EB4D270E015600685975 /* PlacesRequest.swift in Sources */,
				621EEA7D270DA54700EB672B /* SceneDelegate.swift in Sources */,
				62C2EB50270E034400685975 /* Place.swift in Sources */,
				629B1870271078B500BBA535 /* MainTableViewDataSource.swift in Sources */,
			);
			runOnlyForDeploymentPostprocessing = 0;
		};
		621EEA89270DA54A00EB672B /* Sources */ = {
			isa = PBXSourcesBuildPhase;
			buildActionMask = 2147483647;
			files = (
				629B187B2710C98100BBA535 /* MainViewModelTests.swift in Sources */,
			);
			runOnlyForDeploymentPostprocessing = 0;
		};
		621EEA93270DA54A00EB672B /* Sources */ = {
			isa = PBXSourcesBuildPhase;
			buildActionMask = 2147483647;
			files = (
				621EEA9C270DA54B00EB672B /* NearBy_AppUITests.swift in Sources */,
				621EEA9E270DA54B00EB672B /* NearBy_AppUITestsLaunchTests.swift in Sources */,
			);
			runOnlyForDeploymentPostprocessing = 0;
		};
/* End PBXSourcesBuildPhase section */

/* Begin PBXTargetDependency section */
		621EEA8F270DA54A00EB672B /* PBXTargetDependency */ = {
			isa = PBXTargetDependency;
			target = 621EEA76270DA54700EB672B /* NearBy App */;
			targetProxy = 621EEA8E270DA54A00EB672B /* PBXContainerItemProxy */;
		};
		621EEA99270DA54A00EB672B /* PBXTargetDependency */ = {
			isa = PBXTargetDependency;
			target = 621EEA76270DA54700EB672B /* NearBy App */;
			targetProxy = 621EEA98270DA54A00EB672B /* PBXContainerItemProxy */;
		};
/* End PBXTargetDependency section */

/* Begin PBXVariantGroup section */
		621EEA80270DA54700EB672B /* Main.storyboard */ = {
			isa = PBXVariantGroup;
			children = (
				621EEA81270DA54700EB672B /* Base */,
			);
			name = Main.storyboard;
			sourceTree = "<group>";
		};
		621EEA85270DA54A00EB672B /* LaunchScreen.storyboard */ = {
			isa = PBXVariantGroup;
			children = (
				621EEA86270DA54A00EB672B /* Base */,
			);
			name = LaunchScreen.storyboard;
			sourceTree = "<group>";
		};
/* End PBXVariantGroup section */

/* Begin XCBuildConfiguration section */
		621EEA9F270DA54B00EB672B /* Debug */ = {
			isa = XCBuildConfiguration;
			buildSettings = {
				ALWAYS_SEARCH_USER_PATHS = NO;
				CLANG_ANALYZER_NONNULL = YES;
				CLANG_ANALYZER_NUMBER_OBJECT_CONVERSION = YES_AGGRESSIVE;
				CLANG_CXX_LANGUAGE_STANDARD = "gnu++17";
				CLANG_CXX_LIBRARY = "libc++";
				CLANG_ENABLE_MODULES = YES;
				CLANG_ENABLE_OBJC_ARC = YES;
				CLANG_ENABLE_OBJC_WEAK = YES;
				CLANG_WARN_BLOCK_CAPTURE_AUTORELEASING = YES;
				CLANG_WARN_BOOL_CONVERSION = YES;
				CLANG_WARN_COMMA = YES;
				CLANG_WARN_CONSTANT_CONVERSION = YES;
				CLANG_WARN_DEPRECATED_OBJC_IMPLEMENTATIONS = YES;
				CLANG_WARN_DIRECT_OBJC_ISA_USAGE = YES_ERROR;
				CLANG_WARN_DOCUMENTATION_COMMENTS = YES;
				CLANG_WARN_EMPTY_BODY = YES;
				CLANG_WARN_ENUM_CONVERSION = YES;
				CLANG_WARN_INFINITE_RECURSION = YES;
				CLANG_WARN_INT_CONVERSION = YES;
				CLANG_WARN_NON_LITERAL_NULL_CONVERSION = YES;
				CLANG_WARN_OBJC_IMPLICIT_RETAIN_SELF = YES;
				CLANG_WARN_OBJC_LITERAL_CONVERSION = YES;
				CLANG_WARN_OBJC_ROOT_CLASS = YES_ERROR;
				CLANG_WARN_QUOTED_INCLUDE_IN_FRAMEWORK_HEADER = YES;
				CLANG_WARN_RANGE_LOOP_ANALYSIS = YES;
				CLANG_WARN_STRICT_PROTOTYPES = YES;
				CLANG_WARN_SUSPICIOUS_MOVE = YES;
				CLANG_WARN_UNGUARDED_AVAILABILITY = YES_AGGRESSIVE;
				CLANG_WARN_UNREACHABLE_CODE = YES;
				CLANG_WARN__DUPLICATE_METHOD_MATCH = YES;
				COPY_PHASE_STRIP = NO;
				DEBUG_INFORMATION_FORMAT = dwarf;
				ENABLE_STRICT_OBJC_MSGSEND = YES;
				ENABLE_TESTABILITY = YES;
				GCC_C_LANGUAGE_STANDARD = gnu11;
				GCC_DYNAMIC_NO_PIC = NO;
				GCC_NO_COMMON_BLOCKS = YES;
				GCC_OPTIMIZATION_LEVEL = 0;
				GCC_PREPROCESSOR_DEFINITIONS = (
					"DEBUG=1",
					"$(inherited)",
				);
				GCC_WARN_64_TO_32_BIT_CONVERSION = YES;
				GCC_WARN_ABOUT_RETURN_TYPE = YES_ERROR;
				GCC_WARN_UNDECLARED_SELECTOR = YES;
				GCC_WARN_UNINITIALIZED_AUTOS = YES_AGGRESSIVE;
				GCC_WARN_UNUSED_FUNCTION = YES;
				GCC_WARN_UNUSED_VARIABLE = YES;
				IPHONEOS_DEPLOYMENT_TARGET = 9.3;
				MTL_ENABLE_DEBUG_INFO = INCLUDE_SOURCE;
				MTL_FAST_MATH = YES;
				ONLY_ACTIVE_ARCH = YES;
				SDKROOT = iphoneos;
				SWIFT_ACTIVE_COMPILATION_CONDITIONS = DEBUG;
				SWIFT_OPTIMIZATION_LEVEL = "-Onone";
			};
			name = Debug;
		};
		621EEAA0270DA54B00EB672B /* Release */ = {
			isa = XCBuildConfiguration;
			buildSettings = {
				ALWAYS_SEARCH_USER_PATHS = NO;
				CLANG_ANALYZER_NONNULL = YES;
				CLANG_ANALYZER_NUMBER_OBJECT_CONVERSION = YES_AGGRESSIVE;
				CLANG_CXX_LANGUAGE_STANDARD = "gnu++17";
				CLANG_CXX_LIBRARY = "libc++";
				CLANG_ENABLE_MODULES = YES;
				CLANG_ENABLE_OBJC_ARC = YES;
				CLANG_ENABLE_OBJC_WEAK = YES;
				CLANG_WARN_BLOCK_CAPTURE_AUTORELEASING = YES;
				CLANG_WARN_BOOL_CONVERSION = YES;
				CLANG_WARN_COMMA = YES;
				CLANG_WARN_CONSTANT_CONVERSION = YES;
				CLANG_WARN_DEPRECATED_OBJC_IMPLEMENTATIONS = YES;
				CLANG_WARN_DIRECT_OBJC_ISA_USAGE = YES_ERROR;
				CLANG_WARN_DOCUMENTATION_COMMENTS = YES;
				CLANG_WARN_EMPTY_BODY = YES;
				CLANG_WARN_ENUM_CONVERSION = YES;
				CLANG_WARN_INFINITE_RECURSION = YES;
				CLANG_WARN_INT_CONVERSION = YES;
				CLANG_WARN_NON_LITERAL_NULL_CONVERSION = YES;
				CLANG_WARN_OBJC_IMPLICIT_RETAIN_SELF = YES;
				CLANG_WARN_OBJC_LITERAL_CONVERSION = YES;
				CLANG_WARN_OBJC_ROOT_CLASS = YES_ERROR;
				CLANG_WARN_QUOTED_INCLUDE_IN_FRAMEWORK_HEADER = YES;
				CLANG_WARN_RANGE_LOOP_ANALYSIS = YES;
				CLANG_WARN_STRICT_PROTOTYPES = YES;
				CLANG_WARN_SUSPICIOUS_MOVE = YES;
				CLANG_WARN_UNGUARDED_AVAILABILITY = YES_AGGRESSIVE;
				CLANG_WARN_UNREACHABLE_CODE = YES;
				CLANG_WARN__DUPLICATE_METHOD_MATCH = YES;
				COPY_PHASE_STRIP = NO;
				DEBUG_INFORMATION_FORMAT = "dwarf-with-dsym";
				ENABLE_NS_ASSERTIONS = NO;
				ENABLE_STRICT_OBJC_MSGSEND = YES;
				GCC_C_LANGUAGE_STANDARD = gnu11;
				GCC_NO_COMMON_BLOCKS = YES;
				GCC_WARN_64_TO_32_BIT_CONVERSION = YES;
				GCC_WARN_ABOUT_RETURN_TYPE = YES_ERROR;
				GCC_WARN_UNDECLARED_SELECTOR = YES;
				GCC_WARN_UNINITIALIZED_AUTOS = YES_AGGRESSIVE;
				GCC_WARN_UNUSED_FUNCTION = YES;
				GCC_WARN_UNUSED_VARIABLE = YES;
				IPHONEOS_DEPLOYMENT_TARGET = 9.3;
				MTL_ENABLE_DEBUG_INFO = NO;
				MTL_FAST_MATH = YES;
				SDKROOT = iphoneos;
				SWIFT_COMPILATION_MODE = wholemodule;
				SWIFT_OPTIMIZATION_LEVEL = "-O";
				VALIDATE_PRODUCT = YES;
			};
			name = Release;
		};
		621EEAA2270DA54B00EB672B /* Debug */ = {
			isa = XCBuildConfiguration;
			baseConfigurationReference = 5F48DB952FB916EEB8A68B4A /* Pods-NearBy App.debug.xcconfig */;
			buildSettings = {
				ASSETCATALOG_COMPILER_APPICON_NAME = AppIcon;
				ASSETCATALOG_COMPILER_GLOBAL_ACCENT_COLOR_NAME = AccentColor;
				CODE_SIGN_STYLE = Automatic;
				CURRENT_PROJECT_VERSION = 1;
				DEVELOPMENT_TEAM = SKQ6J4JJN6;
				GENERATE_INFOPLIST_FILE = YES;
				INFOPLIST_FILE = "NearBy App/Supporting Files/Info.plist";
				INFOPLIST_KEY_UIApplicationSupportsIndirectInputEvents = YES;
				INFOPLIST_KEY_UILaunchStoryboardName = LaunchScreen;
				INFOPLIST_KEY_UIMainStoryboardFile = Main;
				INFOPLIST_KEY_UISupportedInterfaceOrientations = "UIInterfaceOrientationPortrait UIInterfaceOrientationLandscapeLeft UIInterfaceOrientationLandscapeRight";
				INFOPLIST_KEY_UISupportedInterfaceOrientations_iPad = "UIInterfaceOrientationPortrait UIInterfaceOrientationPortraitUpsideDown UIInterfaceOrientationLandscapeLeft UIInterfaceOrientationLandscapeRight";
				INFOPLIST_KEY_UISupportedInterfaceOrientations_iPhone = "UIInterfaceOrientationPortrait UIInterfaceOrientationLandscapeLeft UIInterfaceOrientationLandscapeRight";
				IPHONEOS_DEPLOYMENT_TARGET = 9.3;
				LD_RUNPATH_SEARCH_PATHS = (
					"$(inherited)",
					"@executable_path/Frameworks",
				);
				MARKETING_VERSION = 1.0;
				PRODUCT_BUNDLE_IDENTIFIER = "MahmoudAziz.NearBy-App";
				PRODUCT_NAME = "$(TARGET_NAME)";
				SWIFT_EMIT_LOC_STRINGS = YES;
				SWIFT_VERSION = 5.0;
				TARGETED_DEVICE_FAMILY = "1,2";
			};
			name = Debug;
		};
		621EEAA3270DA54B00EB672B /* Release */ = {
			isa = XCBuildConfiguration;
			baseConfigurationReference = F6EA05DEECAF30A93A2EC495 /* Pods-NearBy App.release.xcconfig */;
			buildSettings = {
				ASSETCATALOG_COMPILER_APPICON_NAME = AppIcon;
				ASSETCATALOG_COMPILER_GLOBAL_ACCENT_COLOR_NAME = AccentColor;
				CODE_SIGN_STYLE = Automatic;
				CURRENT_PROJECT_VERSION = 1;
				DEVELOPMENT_TEAM = SKQ6J4JJN6;
				GENERATE_INFOPLIST_FILE = YES;
				INFOPLIST_FILE = "NearBy App/Supporting Files/Info.plist";
				INFOPLIST_KEY_UIApplicationSupportsIndirectInputEvents = YES;
				INFOPLIST_KEY_UILaunchStoryboardName = LaunchScreen;
				INFOPLIST_KEY_UIMainStoryboardFile = Main;
				INFOPLIST_KEY_UISupportedInterfaceOrientations = "UIInterfaceOrientationPortrait UIInterfaceOrientationLandscapeLeft UIInterfaceOrientationLandscapeRight";
				INFOPLIST_KEY_UISupportedInterfaceOrientations_iPad = "UIInterfaceOrientationPortrait UIInterfaceOrientationPortraitUpsideDown UIInterfaceOrientationLandscapeLeft UIInterfaceOrientationLandscapeRight";
				INFOPLIST_KEY_UISupportedInterfaceOrientations_iPhone = "UIInterfaceOrientationPortrait UIInterfaceOrientationLandscapeLeft UIInterfaceOrientationLandscapeRight";
				IPHONEOS_DEPLOYMENT_TARGET = 9.3;
				LD_RUNPATH_SEARCH_PATHS = (
					"$(inherited)",
					"@executable_path/Frameworks",
				);
				MARKETING_VERSION = 1.0;
				PRODUCT_BUNDLE_IDENTIFIER = "MahmoudAziz.NearBy-App";
				PRODUCT_NAME = "$(TARGET_NAME)";
				SWIFT_EMIT_LOC_STRINGS = YES;
				SWIFT_VERSION = 5.0;
				TARGETED_DEVICE_FAMILY = "1,2";
			};
			name = Release;
		};
		621EEAA5270DA54B00EB672B /* Debug */ = {
			isa = XCBuildConfiguration;
			baseConfigurationReference = DD3C346B67AC4D27675BE98F /* Pods-NearBy AppTests.debug.xcconfig */;
			buildSettings = {
				ALWAYS_EMBED_SWIFT_STANDARD_LIBRARIES = YES;
				BUNDLE_LOADER = "$(TEST_HOST)";
				CLANG_ENABLE_MODULES = YES;
				CODE_SIGN_STYLE = Automatic;
				CURRENT_PROJECT_VERSION = 1;
				DEVELOPMENT_TEAM = SKQ6J4JJN6;
				GENERATE_INFOPLIST_FILE = YES;
				IPHONEOS_DEPLOYMENT_TARGET = 15.0;
				LD_RUNPATH_SEARCH_PATHS = (
					"$(inherited)",
					"@executable_path/Frameworks",
					"@loader_path/Frameworks",
				);
				MARKETING_VERSION = 1.0;
				PRODUCT_BUNDLE_IDENTIFIER = "MahmoudAziz.NearBy-AppTests";
				PRODUCT_NAME = "$(TARGET_NAME)";
				SWIFT_EMIT_LOC_STRINGS = NO;
				SWIFT_OPTIMIZATION_LEVEL = "-Onone";
				SWIFT_VERSION = 5.0;
				TARGETED_DEVICE_FAMILY = "1,2";
				TEST_HOST = "$(BUILT_PRODUCTS_DIR)/NearBy App.app/NearBy App";
			};
			name = Debug;
		};
		621EEAA6270DA54B00EB672B /* Release */ = {
			isa = XCBuildConfiguration;
			baseConfigurationReference = 172939D02CCB3761322CB3B6 /* Pods-NearBy AppTests.release.xcconfig */;
			buildSettings = {
				ALWAYS_EMBED_SWIFT_STANDARD_LIBRARIES = YES;
				BUNDLE_LOADER = "$(TEST_HOST)";
				CLANG_ENABLE_MODULES = YES;
				CODE_SIGN_STYLE = Automatic;
				CURRENT_PROJECT_VERSION = 1;
				DEVELOPMENT_TEAM = SKQ6J4JJN6;
				GENERATE_INFOPLIST_FILE = YES;
				IPHONEOS_DEPLOYMENT_TARGET = 15.0;
				LD_RUNPATH_SEARCH_PATHS = (
					"$(inherited)",
					"@executable_path/Frameworks",
					"@loader_path/Frameworks",
				);
				MARKETING_VERSION = 1.0;
				PRODUCT_BUNDLE_IDENTIFIER = "MahmoudAziz.NearBy-AppTests";
				PRODUCT_NAME = "$(TARGET_NAME)";
				SWIFT_EMIT_LOC_STRINGS = NO;
				SWIFT_VERSION = 5.0;
				TARGETED_DEVICE_FAMILY = "1,2";
				TEST_HOST = "$(BUILT_PRODUCTS_DIR)/NearBy App.app/NearBy App";
			};
			name = Release;
		};
		621EEAA8270DA54B00EB672B /* Debug */ = {
			isa = XCBuildConfiguration;
			baseConfigurationReference = A0E68354C62C2E0604FEE4C1 /* Pods-NearBy App-NearBy AppUITests.debug.xcconfig */;
			buildSettings = {
				ALWAYS_EMBED_SWIFT_STANDARD_LIBRARIES = YES;
				CODE_SIGN_STYLE = Automatic;
				CURRENT_PROJECT_VERSION = 1;
				DEVELOPMENT_TEAM = SKQ6J4JJN6;
				GENERATE_INFOPLIST_FILE = YES;
				LD_RUNPATH_SEARCH_PATHS = (
					"$(inherited)",
					"@executable_path/Frameworks",
					"@loader_path/Frameworks",
				);
				MARKETING_VERSION = 1.0;
				PRODUCT_BUNDLE_IDENTIFIER = "MahmoudAziz.NearBy-AppUITests";
				PRODUCT_NAME = "$(TARGET_NAME)";
				SWIFT_EMIT_LOC_STRINGS = NO;
				SWIFT_VERSION = 5.0;
				TARGETED_DEVICE_FAMILY = "1,2";
				TEST_TARGET_NAME = "NearBy App";
			};
			name = Debug;
		};
		621EEAA9270DA54B00EB672B /* Release */ = {
			isa = XCBuildConfiguration;
			baseConfigurationReference = C9F1EB74404D23C21F779FC2 /* Pods-NearBy App-NearBy AppUITests.release.xcconfig */;
			buildSettings = {
				ALWAYS_EMBED_SWIFT_STANDARD_LIBRARIES = YES;
				CODE_SIGN_STYLE = Automatic;
				CURRENT_PROJECT_VERSION = 1;
				DEVELOPMENT_TEAM = SKQ6J4JJN6;
				GENERATE_INFOPLIST_FILE = YES;
				LD_RUNPATH_SEARCH_PATHS = (
					"$(inherited)",
					"@executable_path/Frameworks",
					"@loader_path/Frameworks",
				);
				MARKETING_VERSION = 1.0;
				PRODUCT_BUNDLE_IDENTIFIER = "MahmoudAziz.NearBy-AppUITests";
				PRODUCT_NAME = "$(TARGET_NAME)";
				SWIFT_EMIT_LOC_STRINGS = NO;
				SWIFT_VERSION = 5.0;
				TARGETED_DEVICE_FAMILY = "1,2";
				TEST_TARGET_NAME = "NearBy App";
			};
			name = Release;
		};
/* End XCBuildConfiguration section */

/* Begin XCConfigurationList section */
		621EEA72270DA54700EB672B /* Build configuration list for PBXProject "NearBy App" */ = {
			isa = XCConfigurationList;
			buildConfigurations = (
				621EEA9F270DA54B00EB672B /* Debug */,
				621EEAA0270DA54B00EB672B /* Release */,
			);
			defaultConfigurationIsVisible = 0;
			defaultConfigurationName = Release;
		};
		621EEAA1270DA54B00EB672B /* Build configuration list for PBXNativeTarget "NearBy App" */ = {
			isa = XCConfigurationList;
			buildConfigurations = (
				621EEAA2270DA54B00EB672B /* Debug */,
				621EEAA3270DA54B00EB672B /* Release */,
			);
			defaultConfigurationIsVisible = 0;
			defaultConfigurationName = Release;
		};
		621EEAA4270DA54B00EB672B /* Build configuration list for PBXNativeTarget "NearBy AppTests" */ = {
			isa = XCConfigurationList;
			buildConfigurations = (
				621EEAA5270DA54B00EB672B /* Debug */,
				621EEAA6270DA54B00EB672B /* Release */,
			);
			defaultConfigurationIsVisible = 0;
			defaultConfigurationName = Release;
		};
		621EEAA7270DA54B00EB672B /* Build configuration list for PBXNativeTarget "NearBy AppUITests" */ = {
			isa = XCConfigurationList;
			buildConfigurations = (
				621EEAA8270DA54B00EB672B /* Debug */,
				621EEAA9270DA54B00EB672B /* Release */,
			);
			defaultConfigurationIsVisible = 0;
			defaultConfigurationName = Release;
		};
/* End XCConfigurationList section */
	};
	rootObject = 621EEA6F270DA54700EB672B /* Project object */;
}
